// !$*UTF8*$!
{
	archiveVersion = 1;
	classes = {
	};
	objectVersion = 55;
	objects = {

/* Begin PBXBuildFile section */
		8403431D27A952A300BC86A4 /* TestWithJSONApp.swift in Sources */ = {isa = PBXBuildFile; fileRef = 8403431C27A952A300BC86A4 /* TestWithJSONApp.swift */; };
		8403431F27A952A300BC86A4 /* ContentView.swift in Sources */ = {isa = PBXBuildFile; fileRef = 8403431E27A952A300BC86A4 /* ContentView.swift */; };
		8403432127A952A400BC86A4 /* Assets.xcassets in Resources */ = {isa = PBXBuildFile; fileRef = 8403432027A952A400BC86A4 /* Assets.xcassets */; };
		8403432427A952A400BC86A4 /* Preview Assets.xcassets in Resources */ = {isa = PBXBuildFile; fileRef = 8403432327A952A400BC86A4 /* Preview Assets.xcassets */; };
		8403432E27A9608200BC86A4 /* Network.swift in Sources */ = {isa = PBXBuildFile; fileRef = 8403432D27A9608200BC86A4 /* Network.swift */; };
		8403433027A9618B00BC86A4 /* Album.swift in Sources */ = {isa = PBXBuildFile; fileRef = 8403432F27A9618B00BC86A4 /* Album.swift */; };
		8403433227A9623800BC86A4 /* Photo.swift in Sources */ = {isa = PBXBuildFile; fileRef = 8403433127A9623800BC86A4 /* Photo.swift */; };
		8403433427A9702C00BC86A4 /* AlbumViewModel.swift in Sources */ = {isa = PBXBuildFile; fileRef = 8403433327A9702C00BC86A4 /* AlbumViewModel.swift */; };
		8403433627A9727C00BC86A4 /* NetworkReachability.swift in Sources */ = {isa = PBXBuildFile; fileRef = 8403433527A9727C00BC86A4 /* NetworkReachability.swift */; };
		8403433927A976C100BC86A4 /* AlbumView.swift in Sources */ = {isa = PBXBuildFile; fileRef = 8403433827A976C100BC86A4 /* AlbumView.swift */; };
		8403433C27A988F800BC86A4 /* StringProtocol+.swift in Sources */ = {isa = PBXBuildFile; fileRef = 8403433B27A988F800BC86A4 /* StringProtocol+.swift */; };
		8403434027A9903900BC86A4 /* PhotosView.swift in Sources */ = {isa = PBXBuildFile; fileRef = 8403433F27A9903900BC86A4 /* PhotosView.swift */; };
		8403434227A9904400BC86A4 /* PhotosViewModel.swift in Sources */ = {isa = PBXBuildFile; fileRef = 8403434127A9904400BC86A4 /* PhotosViewModel.swift */; };
		84C0F43727AB60A400F062FC /* SDWebImageSwiftUI in Frameworks */ = {isa = PBXBuildFile; productRef = 84C0F43627AB60A400F062FC /* SDWebImageSwiftUI */; };
/* End PBXBuildFile section */

/* Begin PBXFileReference section */
		8403431927A952A300BC86A4 /* TestWithJSON.app */ = {isa = PBXFileReference; explicitFileType = wrapper.application; includeInIndex = 0; path = TestWithJSON.app; sourceTree = BUILT_PRODUCTS_DIR; };
		8403431C27A952A300BC86A4 /* TestWithJSONApp.swift */ = {isa = PBXFileReference; lastKnownFileType = sourcecode.swift; path = TestWithJSONApp.swift; sourceTree = "<group>"; };
		8403431E27A952A300BC86A4 /* ContentView.swift */ = {isa = PBXFileReference; lastKnownFileType = sourcecode.swift; path = ContentView.swift; sourceTree = "<group>"; };
		8403432027A952A400BC86A4 /* Assets.xcassets */ = {isa = PBXFileReference; lastKnownFileType = folder.assetcatalog; path = Assets.xcassets; sourceTree = "<group>"; };
		8403432327A952A400BC86A4 /* Preview Assets.xcassets */ = {isa = PBXFileReference; lastKnownFileType = folder.assetcatalog; path = "Preview Assets.xcassets"; sourceTree = "<group>"; };
		8403432D27A9608200BC86A4 /* Network.swift */ = {isa = PBXFileReference; lastKnownFileType = sourcecode.swift; path = Network.swift; sourceTree = "<group>"; };
		8403432F27A9618B00BC86A4 /* Album.swift */ = {isa = PBXFileReference; lastKnownFileType = sourcecode.swift; path = Album.swift; sourceTree = "<group>"; };
		8403433127A9623800BC86A4 /* Photo.swift */ = {isa = PBXFileReference; lastKnownFileType = sourcecode.swift; path = Photo.swift; sourceTree = "<group>"; };
		8403433327A9702C00BC86A4 /* AlbumViewModel.swift */ = {isa = PBXFileReference; lastKnownFileType = sourcecode.swift; path = AlbumViewModel.swift; sourceTree = "<group>"; };
		8403433527A9727C00BC86A4 /* NetworkReachability.swift */ = {isa = PBXFileReference; lastKnownFileType = sourcecode.swift; path = NetworkReachability.swift; sourceTree = "<group>"; };
		8403433827A976C100BC86A4 /* AlbumView.swift */ = {isa = PBXFileReference; lastKnownFileType = sourcecode.swift; path = AlbumView.swift; sourceTree = "<group>"; };
		8403433B27A988F800BC86A4 /* StringProtocol+.swift */ = {isa = PBXFileReference; lastKnownFileType = sourcecode.swift; path = "StringProtocol+.swift"; sourceTree = "<group>"; };
		8403433F27A9903900BC86A4 /* PhotosView.swift */ = {isa = PBXFileReference; lastKnownFileType = sourcecode.swift; path = PhotosView.swift; sourceTree = "<group>"; };
		8403434127A9904400BC86A4 /* PhotosViewModel.swift */ = {isa = PBXFileReference; lastKnownFileType = sourcecode.swift; path = PhotosViewModel.swift; sourceTree = "<group>"; };
/* End PBXFileReference section */

/* Begin PBXFrameworksBuildPhase section */
		8403431627A952A300BC86A4 /* Frameworks */ = {
			isa = PBXFrameworksBuildPhase;
			buildActionMask = 2147483647;
			files = (
				84C0F43727AB60A400F062FC /* SDWebImageSwiftUI in Frameworks */,
			);
			runOnlyForDeploymentPostprocessing = 0;
		};
/* End PBXFrameworksBuildPhase section */

/* Begin PBXGroup section */
		8403431027A952A300BC86A4 = {
			isa = PBXGroup;
			children = (
				8403431B27A952A300BC86A4 /* TestWithJSON */,
				8403431A27A952A300BC86A4 /* Products */,
			);
			sourceTree = "<group>";
		};
		8403431A27A952A300BC86A4 /* Products */ = {
			isa = PBXGroup;
			children = (
				8403431927A952A300BC86A4 /* TestWithJSON.app */,
			);
			name = Products;
			sourceTree = "<group>";
		};
		8403431B27A952A300BC86A4 /* TestWithJSON */ = {
			isa = PBXGroup;
			children = (
				8403432027A952A400BC86A4 /* Assets.xcassets */,
				8403433727A9768000BC86A4 /* Views */,
				8403433A27A988E500BC86A4 /* Extensions */,
				8403432A27A95F1800BC86A4 /* Models */,
				8403432227A952A400BC86A4 /* Preview Content */,
				8403431C27A952A300BC86A4 /* TestWithJSONApp.swift */,
				8403432C27A9607100BC86A4 /* Utils */,
			);
			path = TestWithJSON;
			sourceTree = "<group>";
		};
		8403432227A952A400BC86A4 /* Preview Content */ = {
			isa = PBXGroup;
			children = (
				8403432327A952A400BC86A4 /* Preview Assets.xcassets */,
			);
			path = "Preview Content";
			sourceTree = "<group>";
		};
		8403432A27A95F1800BC86A4 /* Models */ = {
			isa = PBXGroup;
			children = (
				8403432F27A9618B00BC86A4 /* Album.swift */,
				8403433127A9623800BC86A4 /* Photo.swift */,
			);
			path = Models;
			sourceTree = "<group>";
		};
		8403432C27A9607100BC86A4 /* Utils */ = {
			isa = PBXGroup;
			children = (
				8403432D27A9608200BC86A4 /* Network.swift */,
				8403433527A9727C00BC86A4 /* NetworkReachability.swift */,
			);
			path = Utils;
			sourceTree = "<group>";
		};
		8403433727A9768000BC86A4 /* Views */ = {
			isa = PBXGroup;
			children = (
				8403431E27A952A300BC86A4 /* ContentView.swift */,
				8403433D27A98EE000BC86A4 /* Albums */,
				8403433E27A9900E00BC86A4 /* Photos */,
			);
			path = Views;
			sourceTree = "<group>";
		};
		8403433A27A988E500BC86A4 /* Extensions */ = {
			isa = PBXGroup;
			children = (
				8403433B27A988F800BC86A4 /* StringProtocol+.swift */,
			);
			path = Extensions;
			sourceTree = "<group>";
		};
		8403433D27A98EE000BC86A4 /* Albums */ = {
			isa = PBXGroup;
			children = (
				8403433827A976C100BC86A4 /* AlbumView.swift */,
				8403433327A9702C00BC86A4 /* AlbumViewModel.swift */,
			);
			path = Albums;
			sourceTree = "<group>";
		};
		8403433E27A9900E00BC86A4 /* Photos */ = {
			isa = PBXGroup;
			children = (
				8403433F27A9903900BC86A4 /* PhotosView.swift */,
				8403434127A9904400BC86A4 /* PhotosViewModel.swift */,
			);
			path = Photos;
			sourceTree = "<group>";
		};
/* End PBXGroup section */

/* Begin PBXNativeTarget section */
		8403431827A952A300BC86A4 /* TestWithJSON */ = {
			isa = PBXNativeTarget;
			buildConfigurationList = 8403432727A952A400BC86A4 /* Build configuration list for PBXNativeTarget "TestWithJSON" */;
			buildPhases = (
				8403431527A952A300BC86A4 /* Sources */,
				8403431627A952A300BC86A4 /* Frameworks */,
				8403431727A952A300BC86A4 /* Resources */,
			);
			buildRules = (
			);
			dependencies = (
			);
			name = TestWithJSON;
			packageProductDependencies = (
				84C0F43627AB60A400F062FC /* SDWebImageSwiftUI */,
			);
			productName = TestWithJSON;
			productReference = 8403431927A952A300BC86A4 /* TestWithJSON.app */;
			productType = "com.apple.product-type.application";
		};
/* End PBXNativeTarget section */

/* Begin PBXProject section */
		8403431127A952A300BC86A4 /* Project object */ = {
			isa = PBXProject;
			attributes = {
				BuildIndependentTargetsInParallel = 1;
				LastSwiftUpdateCheck = 1320;
				LastUpgradeCheck = 1320;
				TargetAttributes = {
					8403431827A952A300BC86A4 = {
						CreatedOnToolsVersion = 13.2;
					};
				};
			};
			buildConfigurationList = 8403431427A952A300BC86A4 /* Build configuration list for PBXProject "TestWithJSON" */;
			compatibilityVersion = "Xcode 13.0";
			developmentRegion = en;
			hasScannedForEncodings = 0;
			knownRegions = (
				en,
				Base,
			);
			mainGroup = 8403431027A952A300BC86A4;
			packageReferences = (
				84C0F43527AB60A400F062FC /* XCRemoteSwiftPackageReference "SDWebImageSwiftUI" */,
			);
			productRefGroup = 8403431A27A952A300BC86A4 /* Products */;
			projectDirPath = "";
			projectRoot = "";
			targets = (
				8403431827A952A300BC86A4 /* TestWithJSON */,
			);
		};
/* End PBXProject section */

/* Begin PBXResourcesBuildPhase section */
		8403431727A952A300BC86A4 /* Resources */ = {
			isa = PBXResourcesBuildPhase;
			buildActionMask = 2147483647;
			files = (
				8403432427A952A400BC86A4 /* Preview Assets.xcassets in Resources */,
				8403432127A952A400BC86A4 /* Assets.xcassets in Resources */,
			);
			runOnlyForDeploymentPostprocessing = 0;
		};
/* End PBXResourcesBuildPhase section */

/* Begin PBXSourcesBuildPhase section */
		8403431527A952A300BC86A4 /* Sources */ = {
			isa = PBXSourcesBuildPhase;
			buildActionMask = 2147483647;
			files = (
				8403431F27A952A300BC86A4 /* ContentView.swift in Sources */,
				8403433C27A988F800BC86A4 /* StringProtocol+.swift in Sources */,
				8403434227A9904400BC86A4 /* PhotosViewModel.swift in Sources */,
				8403431D27A952A300BC86A4 /* TestWithJSONApp.swift in Sources */,
				8403433627A9727C00BC86A4 /* NetworkReachability.swift in Sources */,
				8403433427A9702C00BC86A4 /* AlbumViewModel.swift in Sources */,
				8403432E27A9608200BC86A4 /* Network.swift in Sources */,
				8403433027A9618B00BC86A4 /* Album.swift in Sources */,
				8403434027A9903900BC86A4 /* PhotosView.swift in Sources */,
				8403433927A976C100BC86A4 /* AlbumView.swift in Sources */,
				8403433227A9623800BC86A4 /* Photo.swift in Sources */,
			);
			runOnlyForDeploymentPostprocessing = 0;
		};
/* End PBXSourcesBuildPhase section */

/* Begin XCBuildConfiguration section */
		8403432527A952A400BC86A4 /* Debug */ = {
			isa = XCBuildConfiguration;
			buildSettings = {
				ALWAYS_SEARCH_USER_PATHS = NO;
				CLANG_ANALYZER_NONNULL = YES;
				CLANG_ANALYZER_NUMBER_OBJECT_CONVERSION = YES_AGGRESSIVE;
				CLANG_CXX_LANGUAGE_STANDARD = "gnu++17";
				CLANG_CXX_LIBRARY = "libc++";
				CLANG_ENABLE_MODULES = YES;
				CLANG_ENABLE_OBJC_ARC = YES;
				CLANG_ENABLE_OBJC_WEAK = YES;
				CLANG_WARN_BLOCK_CAPTURE_AUTORELEASING = YES;
				CLANG_WARN_BOOL_CONVERSION = YES;
				CLANG_WARN_COMMA = YES;
				CLANG_WARN_CONSTANT_CONVERSION = YES;
				CLANG_WARN_DEPRECATED_OBJC_IMPLEMENTATIONS = YES;
				CLANG_WARN_DIRECT_OBJC_ISA_USAGE = YES_ERROR;
				CLANG_WARN_DOCUMENTATION_COMMENTS = YES;
				CLANG_WARN_EMPTY_BODY = YES;
				CLANG_WARN_ENUM_CONVERSION = YES;
				CLANG_WARN_INFINITE_RECURSION = YES;
				CLANG_WARN_INT_CONVERSION = YES;
				CLANG_WARN_NON_LITERAL_NULL_CONVERSION = YES;
				CLANG_WARN_OBJC_IMPLICIT_RETAIN_SELF = YES;
				CLANG_WARN_OBJC_LITERAL_CONVERSION = YES;
				CLANG_WARN_OBJC_ROOT_CLASS = YES_ERROR;
				CLANG_WARN_QUOTED_INCLUDE_IN_FRAMEWORK_HEADER = YES;
				CLANG_WARN_RANGE_LOOP_ANALYSIS = YES;
				CLANG_WARN_STRICT_PROTOTYPES = YES;
				CLANG_WARN_SUSPICIOUS_MOVE = YES;
				CLANG_WARN_UNGUARDED_AVAILABILITY = YES_AGGRESSIVE;
				CLANG_WARN_UNREACHABLE_CODE = YES;
				CLANG_WARN__DUPLICATE_METHOD_MATCH = YES;
				COPY_PHASE_STRIP = NO;
				DEBUG_INFORMATION_FORMAT = dwarf;
				ENABLE_STRICT_OBJC_MSGSEND = YES;
				ENABLE_TESTABILITY = YES;
				GCC_C_LANGUAGE_STANDARD = gnu11;
				GCC_DYNAMIC_NO_PIC = NO;
				GCC_NO_COMMON_BLOCKS = YES;
				GCC_OPTIMIZATION_LEVEL = 0;
				GCC_PREPROCESSOR_DEFINITIONS = (
					"DEBUG=1",
					"$(inherited)",
				);
				GCC_WARN_64_TO_32_BIT_CONVERSION = YES;
				GCC_WARN_ABOUT_RETURN_TYPE = YES_ERROR;
				GCC_WARN_UNDECLARED_SELECTOR = YES;
				GCC_WARN_UNINITIALIZED_AUTOS = YES_AGGRESSIVE;
				GCC_WARN_UNUSED_FUNCTION = YES;
				GCC_WARN_UNUSED_VARIABLE = YES;
				IPHONEOS_DEPLOYMENT_TARGET = 15.2;
				MTL_ENABLE_DEBUG_INFO = INCLUDE_SOURCE;
				MTL_FAST_MATH = YES;
				ONLY_ACTIVE_ARCH = YES;
				SDKROOT = iphoneos;
				SWIFT_ACTIVE_COMPILATION_CONDITIONS = DEBUG;
				SWIFT_OPTIMIZATION_LEVEL = "-Onone";
			};
			name = Debug;
		};
		8403432627A952A400BC86A4 /* Release */ = {
			isa = XCBuildConfiguration;
			buildSettings = {
				ALWAYS_SEARCH_USER_PATHS = NO;
				CLANG_ANALYZER_NONNULL = YES;
				CLANG_ANALYZER_NUMBER_OBJECT_CONVERSION = YES_AGGRESSIVE;
				CLANG_CXX_LANGUAGE_STANDARD = "gnu++17";
				CLANG_CXX_LIBRARY = "libc++";
				CLANG_ENABLE_MODULES = YES;
				CLANG_ENABLE_OBJC_ARC = YES;
				CLANG_ENABLE_OBJC_WEAK = YES;
				CLANG_WARN_BLOCK_CAPTURE_AUTORELEASING = YES;
				CLANG_WARN_BOOL_CONVERSION = YES;
				CLANG_WARN_COMMA = YES;
				CLANG_WARN_CONSTANT_CONVERSION = YES;
				CLANG_WARN_DEPRECATED_OBJC_IMPLEMENTATIONS = YES;
				CLANG_WARN_DIRECT_OBJC_ISA_USAGE = YES_ERROR;
				CLANG_WARN_DOCUMENTATION_COMMENTS = YES;
				CLANG_WARN_EMPTY_BODY = YES;
				CLANG_WARN_ENUM_CONVERSION = YES;
				CLANG_WARN_INFINITE_RECURSION = YES;
				CLANG_WARN_INT_CONVERSION = YES;
				CLANG_WARN_NON_LITERAL_NULL_CONVERSION = YES;
				CLANG_WARN_OBJC_IMPLICIT_RETAIN_SELF = YES;
				CLANG_WARN_OBJC_LITERAL_CONVERSION = YES;
				CLANG_WARN_OBJC_ROOT_CLASS = YES_ERROR;
				CLANG_WARN_QUOTED_INCLUDE_IN_FRAMEWORK_HEADER = YES;
				CLANG_WARN_RANGE_LOOP_ANALYSIS = YES;
				CLANG_WARN_STRICT_PROTOTYPES = YES;
				CLANG_WARN_SUSPICIOUS_MOVE = YES;
				CLANG_WARN_UNGUARDED_AVAILABILITY = YES_AGGRESSIVE;
				CLANG_WARN_UNREACHABLE_CODE = YES;
				CLANG_WARN__DUPLICATE_METHOD_MATCH = YES;
				COPY_PHASE_STRIP = NO;
				DEBUG_INFORMATION_FORMAT = "dwarf-with-dsym";
				ENABLE_NS_ASSERTIONS = NO;
				ENABLE_STRICT_OBJC_MSGSEND = YES;
				GCC_C_LANGUAGE_STANDARD = gnu11;
				GCC_NO_COMMON_BLOCKS = YES;
				GCC_WARN_64_TO_32_BIT_CONVERSION = YES;
				GCC_WARN_ABOUT_RETURN_TYPE = YES_ERROR;
				GCC_WARN_UNDECLARED_SELECTOR = YES;
				GCC_WARN_UNINITIALIZED_AUTOS = YES_AGGRESSIVE;
				GCC_WARN_UNUSED_FUNCTION = YES;
				GCC_WARN_UNUSED_VARIABLE = YES;
				IPHONEOS_DEPLOYMENT_TARGET = 15.2;
				MTL_ENABLE_DEBUG_INFO = NO;
				MTL_FAST_MATH = YES;
				SDKROOT = iphoneos;
				SWIFT_COMPILATION_MODE = wholemodule;
				SWIFT_OPTIMIZATION_LEVEL = "-O";
				VALIDATE_PRODUCT = YES;
			};
			name = Release;
		};
		8403432827A952A400BC86A4 /* Debug */ = {
			isa = XCBuildConfiguration;
			buildSettings = {
				ASSETCATALOG_COMPILER_APPICON_NAME = AppIcon;
				ASSETCATALOG_COMPILER_GLOBAL_ACCENT_COLOR_NAME = AccentColor;
				CODE_SIGN_STYLE = Automatic;
				CURRENT_PROJECT_VERSION = 1;
				DEVELOPMENT_ASSET_PATHS = "\"TestWithJSON/Preview Content\"";
				DEVELOPMENT_TEAM = 32FS6MVRPM;
				ENABLE_PREVIEWS = YES;
				GENERATE_INFOPLIST_FILE = YES;
				INFOPLIST_KEY_UIApplicationSceneManifest_Generation = YES;
				INFOPLIST_KEY_UIApplicationSupportsIndirectInputEvents = YES;
				INFOPLIST_KEY_UILaunchScreen_Generation = YES;
				INFOPLIST_KEY_UISupportedInterfaceOrientations_iPad = "UIInterfaceOrientationPortrait UIInterfaceOrientationPortraitUpsideDown UIInterfaceOrientationLandscapeLeft UIInterfaceOrientationLandscapeRight";
				INFOPLIST_KEY_UISupportedInterfaceOrientations_iPhone = "UIInterfaceOrientationPortrait UIInterfaceOrientationLandscapeLeft UIInterfaceOrientationLandscapeRight";
				LD_RUNPATH_SEARCH_PATHS = (
					"$(inherited)",
					"@executable_path/Frameworks",
				);
				MARKETING_VERSION = 1.0;
				PRODUCT_BUNDLE_IDENTIFIER = com.io.TestWithJSON;
				PRODUCT_NAME = "$(TARGET_NAME)";
				SWIFT_EMIT_LOC_STRINGS = YES;
				SWIFT_VERSION = 5.0;
				TARGETED_DEVICE_FAMILY = "1,2";
			};
			name = Debug;
		};
		8403432927A952A400BC86A4 /* Release */ = {
			isa = XCBuildConfiguration;
			buildSettings = {
				ASSETCATALOG_COMPILER_APPICON_NAME = AppIcon;
				ASSETCATALOG_COMPILER_GLOBAL_ACCENT_COLOR_NAME = AccentColor;
				CODE_SIGN_STYLE = Automatic;
				CURRENT_PROJECT_VERSION = 1;
				DEVELOPMENT_ASSET_PATHS = "\"TestWithJSON/Preview Content\"";
				DEVELOPMENT_TEAM = 32FS6MVRPM;
				ENABLE_PREVIEWS = YES;
				GENERATE_INFOPLIST_FILE = YES;
				INFOPLIST_KEY_UIApplicationSceneManifest_Generation = YES;
				INFOPLIST_KEY_UIApplicationSupportsIndirectInputEvents = YES;
				INFOPLIST_KEY_UILaunchScreen_Generation = YES;
				INFOPLIST_KEY_UISupportedInterfaceOrientations_iPad = "UIInterfaceOrientationPortrait UIInterfaceOrientationPortraitUpsideDown UIInterfaceOrientationLandscapeLeft UIInterfaceOrientationLandscapeRight";
				INFOPLIST_KEY_UISupportedInterfaceOrientations_iPhone = "UIInterfaceOrientationPortrait UIInterfaceOrientationLandscapeLeft UIInterfaceOrientationLandscapeRight";
				LD_RUNPATH_SEARCH_PATHS = (
					"$(inherited)",
					"@executable_path/Frameworks",
				);
				MARKETING_VERSION = 1.0;
				PRODUCT_BUNDLE_IDENTIFIER = com.io.TestWithJSON;
				PRODUCT_NAME = "$(TARGET_NAME)";
				SWIFT_EMIT_LOC_STRINGS = YES;
				SWIFT_VERSION = 5.0;
				TARGETED_DEVICE_FAMILY = "1,2";
			};
			name = Release;
		};
/* End XCBuildConfiguration section */

/* Begin XCConfigurationList section */
		8403431427A952A300BC86A4 /* Build configuration list for PBXProject "TestWithJSON" */ = {
			isa = XCConfigurationList;
			buildConfigurations = (
				8403432527A952A400BC86A4 /* Debug */,
				8403432627A952A400BC86A4 /* Release */,
			);
			defaultConfigurationIsVisible = 0;
			defaultConfigurationName = Release;
		};
		8403432727A952A400BC86A4 /* Build configuration list for PBXNativeTarget "TestWithJSON" */ = {
			isa = XCConfigurationList;
			buildConfigurations = (
				8403432827A952A400BC86A4 /* Debug */,
				8403432927A952A400BC86A4 /* Release */,
			);
			defaultConfigurationIsVisible = 0;
			defaultConfigurationName = Release;
		};
/* End XCConfigurationList section */

/* Begin XCRemoteSwiftPackageReference section */
		84C0F43527AB60A400F062FC /* XCRemoteSwiftPackageReference "SDWebImageSwiftUI" */ = {
			isa = XCRemoteSwiftPackageReference;
			repositoryURL = "https://github.com/SDWebImage/SDWebImageSwiftUI.git";
			requirement = {
				kind = upToNextMajorVersion;
				minimumVersion = 2.0.0;
			};
		};
/* End XCRemoteSwiftPackageReference section */

/* Begin XCSwiftPackageProductDependency section */
		84C0F43627AB60A400F062FC /* SDWebImageSwiftUI */ = {
			isa = XCSwiftPackageProductDependency;
			package = 84C0F43527AB60A400F062FC /* XCRemoteSwiftPackageReference "SDWebImageSwiftUI" */;
			productName = SDWebImageSwiftUI;
		};
/* End XCSwiftPackageProductDependency section */
	};
	rootObject = 8403431127A952A300BC86A4 /* Project object */;
}
